
Microsoft Visual Studio Solution File, Format Version 12.00
# Visual Studio Version 17
VisualStudioVersion = 17.1.32328.378
MinimumVisualStudioVersion = 10.0.40219.1
Project("{FAE04EC0-301F-11D3-BF4B-00C04F79EFBC}") = "BigbrainProject", "BigbrainProject\BigbrainProject.csproj", "{798DE5D3-5CBF-4048-BD19-EC9E0313D2F2}"
EndProject
Global
	GlobalSection(SolutionConfigurationPlatforms) = preSolution
		Debug|Any CPU = Debug|Any CPU
		Release|Any CPU = Release|Any CPU
	EndGlobalSection
	GlobalSection(ProjectConfigurationPlatforms) = postSolution
		{798DE5D3-5CBF-4048-BD19-EC9E0313D2F2}.Debug|Any CPU.ActiveCfg = Debug|Any CPU
		{798DE5D3-5CBF-4048-BD19-EC9E0313D2F2}.Debug|Any CPU.Build.0 = Debug|Any CPU
		{798DE5D3-5CBF-4048-BD19-EC9E0313D2F2}.Release|Any CPU.ActiveCfg = Release|Any CPU
		{798DE5D3-5CBF-4048-BD19-EC9E0313D2F2}.Release|Any CPU.Build.0 = Release|Any CPU
	EndGlobalSection
	GlobalSection(SolutionProperties) = preSolution
		HideSolutionNode = FALSE
	EndGlobalSection
	GlobalSection(ExtensibilityGlobals) = postSolution
		SolutionGuid = {C922F8F9-7ABE-4D67-97BD-52F38AA16668}
	EndGlobalSection
EndGlobal
